
Microsoft Visual Studio Solution File, Format Version 12.00
# Visual Studio Version 16
VisualStudioVersion = 16.0.30413.136
MinimumVisualStudioVersion = 10.0.40219.1
Project("{FAE04EC0-301F-11D3-BF4B-00C04F79EFBC}") = "SportsStore.Domain", "SportsStore.Domain\SportsStore.Domain.csproj", "{2C666BF1-623F-4C1D-8C9B-73BD4432B151}"
EndProject
Project("{FAE04EC0-301F-11D3-BF4B-00C04F79EFBC}") = "SportsStore.UnitTests", "SportsStore.UnitTests\SportsStore.UnitTests.csproj", "{F9B831E3-0B77-44D6-B1CF-3CDFE859292C}"
EndProject
Project("{FAE04EC0-301F-11D3-BF4B-00C04F79EFBC}") = "SportStore.WebUI", "SportStore.WebUI1\SportStore.WebUI.csproj", "{12091393-072A-4403-A78B-35DB1D18F886}"
EndProject
Global
	GlobalSection(SolutionConfigurationPlatforms) = preSolution
		Debug|Any CPU = Debug|Any CPU
		Release|Any CPU = Release|Any CPU
	EndGlobalSection
	GlobalSection(ProjectConfigurationPlatforms) = postSolution
		{2C666BF1-623F-4C1D-8C9B-73BD4432B151}.Debug|Any CPU.ActiveCfg = Debug|Any CPU
		{2C666BF1-623F-4C1D-8C9B-73BD4432B151}.Debug|Any CPU.Build.0 = Debug|Any CPU
		{2C666BF1-623F-4C1D-8C9B-73BD4432B151}.Release|Any CPU.ActiveCfg = Release|Any CPU
		{2C666BF1-623F-4C1D-8C9B-73BD4432B151}.Release|Any CPU.Build.0 = Release|Any CPU
		{F9B831E3-0B77-44D6-B1CF-3CDFE859292C}.Debug|Any CPU.ActiveCfg = Debug|Any CPU
		{F9B831E3-0B77-44D6-B1CF-3CDFE859292C}.Debug|Any CPU.Build.0 = Debug|Any CPU
		{F9B831E3-0B77-44D6-B1CF-3CDFE859292C}.Release|Any CPU.ActiveCfg = Release|Any CPU
		{F9B831E3-0B77-44D6-B1CF-3CDFE859292C}.Release|Any CPU.Build.0 = Release|Any CPU
		{12091393-072A-4403-A78B-35DB1D18F886}.Debug|Any CPU.ActiveCfg = Debug|Any CPU
		{12091393-072A-4403-A78B-35DB1D18F886}.Debug|Any CPU.Build.0 = Debug|Any CPU
		{12091393-072A-4403-A78B-35DB1D18F886}.Release|Any CPU.ActiveCfg = Release|Any CPU
		{12091393-072A-4403-A78B-35DB1D18F886}.Release|Any CPU.Build.0 = Release|Any CPU
	EndGlobalSection
	GlobalSection(SolutionProperties) = preSolution
		HideSolutionNode = FALSE
	EndGlobalSection
	GlobalSection(ExtensibilityGlobals) = postSolution
		SolutionGuid = {0F636C18-5B70-44A8-8381-1EF3DE5ACE0C}
	EndGlobalSection
EndGlobal
